
Microsoft Visual Studio Solution File, Format Version 12.00
# Visual Studio Version 16
VisualStudioVersion = 16.0.29911.84
MinimumVisualStudioVersion = 10.0.40219.1
Project("{8BC9CEB8-8B4A-11D0-8D11-00A0C91BC942}") = "VierGewinnt", "VierGewinnt.vcxproj", "{46DBF3BC-687C-4DEB-9D11-93665D5E087E}"
EndProject
Global
	GlobalSection(SolutionConfigurationPlatforms) = preSolution
		Debug|x64 = Debug|x64
		Debug|x86 = Debug|x86
		Release|x64 = Release|x64
		Release|x86 = Release|x86
	EndGlobalSection
	GlobalSection(ProjectConfigurationPlatforms) = postSolution
		{46DBF3BC-687C-4DEB-9D11-93665D5E087E}.Debug|x64.ActiveCfg = Debug|x64
		{46DBF3BC-687C-4DEB-9D11-93665D5E087E}.Debug|x64.Build.0 = Debug|x64
		{46DBF3BC-687C-4DEB-9D11-93665D5E087E}.Debug|x86.ActiveCfg = Debug|Win32
		{46DBF3BC-687C-4DEB-9D11-93665D5E087E}.Debug|x86.Build.0 = Debug|Win32
		{46DBF3BC-687C-4DEB-9D11-93665D5E087E}.Release|x64.ActiveCfg = Release|x64
		{46DBF3BC-687C-4DEB-9D11-93665D5E087E}.Release|x64.Build.0 = Release|x64
		{46DBF3BC-687C-4DEB-9D11-93665D5E087E}.Release|x86.ActiveCfg = Release|Win32
		{46DBF3BC-687C-4DEB-9D11-93665D5E087E}.Release|x86.Build.0 = Release|Win32
	EndGlobalSection
	GlobalSection(SolutionProperties) = preSolution
		HideSolutionNode = FALSE
	EndGlobalSection
	GlobalSection(ExtensibilityGlobals) = postSolution
		SolutionGuid = {62B3A25B-E43D-4D6F-87F9-757555742C28}
	EndGlobalSection
EndGlobal
